schema: '2.0'
stages:
  prepare:
    cmd: python src/prepare.py data/data.xml
    deps:
    - path: data/data.xml
      md5: 98749a96b60610d0d5de76c576ab6069
      size: 75783698
    - path: src/prepare.py
      md5: 51549a1c87b182ebdd785704f56ffaf1
      size: 1581
    params:
      params.yaml:
        prepare.seed: 20170428
        prepare.split: 0.2
    outs:
    - path: data/prepared
      md5: 0cc4aa196d12e2d5a5d55871b058f43e.dir
      size: 47720520
      nfiles: 2
